
Microsoft Visual Studio Solution File, Format Version 12.00
# Visual Studio Version 16
VisualStudioVersion = 16.0.32126.315
MinimumVisualStudioVersion = 10.0.40219.1
Project("{9A19103F-16F7-4668-BE54-9A1E7A4F7556}") = "1.Stacks_Queues", "1.Stacks_Queues\1.Stacks_Queues.csproj", "{74B3B956-A361-47D5-95F2-2F5108E46ADD}"
EndProject
Project("{9A19103F-16F7-4668-BE54-9A1E7A4F7556}") = "2.Stacks_Queues", "2.Stacks_Queues\2.Stacks_Queues.csproj", "{C0A58130-B7AE-4BFD-A1AF-B9C4527DA28D}"
EndProject
Project("{9A19103F-16F7-4668-BE54-9A1E7A4F7556}") = "3.Stacks_Queues", "3.Stacks_Queues\3.Stacks_Queues.csproj", "{1923B2FB-DDFC-4831-990B-ABFADCD5A603}"
EndProject
Project("{9A19103F-16F7-4668-BE54-9A1E7A4F7556}") = "4.Stacks_Queues", "4.Stacks_Queues\4.Stacks_Queues.csproj", "{2D38C1BA-F450-48AD-A20F-2C6D5C841CE4}"
EndProject
Project("{9A19103F-16F7-4668-BE54-9A1E7A4F7556}") = "5.Stacks_Queues", "5.Stacks_Queues\5.Stacks_Queues.csproj", "{B2F40D86-2FD7-454E-AD94-0563262E6ED2}"
EndProject
Project("{9A19103F-16F7-4668-BE54-9A1E7A4F7556}") = "6.Stacks_Queues", "6.Stacks_Queues\6.Stacks_Queues.csproj", "{E2A3EA4C-4CDB-47B0-B7B6-12BE279E832C}"
EndProject
Project("{9A19103F-16F7-4668-BE54-9A1E7A4F7556}") = "7.Stacks_Queues", "7.Stacks_Queues\7.Stacks_Queues.csproj", "{8F24E656-3484-4485-AC3A-3A1A5AF1D555}"
EndProject
Project("{FAE04EC0-301F-11D3-BF4B-00C04F79EFBC}") = "8.Stacks_Queues", "8.Stacks_Queues\8.Stacks_Queues.csproj", "{6B5158E7-850A-484E-B618-8AF6CD8F6E12}"
EndProject
Global
	GlobalSection(SolutionConfigurationPlatforms) = preSolution
		Debug|Any CPU = Debug|Any CPU
		Release|Any CPU = Release|Any CPU
	EndGlobalSection
	GlobalSection(ProjectConfigurationPlatforms) = postSolution
		{74B3B956-A361-47D5-95F2-2F5108E46ADD}.Debug|Any CPU.ActiveCfg = Debug|Any CPU
		{74B3B956-A361-47D5-95F2-2F5108E46ADD}.Debug|Any CPU.Build.0 = Debug|Any CPU
		{74B3B956-A361-47D5-95F2-2F5108E46ADD}.Release|Any CPU.ActiveCfg = Release|Any CPU
		{74B3B956-A361-47D5-95F2-2F5108E46ADD}.Release|Any CPU.Build.0 = Release|Any CPU
		{C0A58130-B7AE-4BFD-A1AF-B9C4527DA28D}.Debug|Any CPU.ActiveCfg = Debug|Any CPU
		{C0A58130-B7AE-4BFD-A1AF-B9C4527DA28D}.Debug|Any CPU.Build.0 = Debug|Any CPU
		{C0A58130-B7AE-4BFD-A1AF-B9C4527DA28D}.Release|Any CPU.ActiveCfg = Release|Any CPU
		{C0A58130-B7AE-4BFD-A1AF-B9C4527DA28D}.Release|Any CPU.Build.0 = Release|Any CPU
		{1923B2FB-DDFC-4831-990B-ABFADCD5A603}.Debug|Any CPU.ActiveCfg = Debug|Any CPU
		{1923B2FB-DDFC-4831-990B-ABFADCD5A603}.Debug|Any CPU.Build.0 = Debug|Any CPU
		{1923B2FB-DDFC-4831-990B-ABFADCD5A603}.Release|Any CPU.ActiveCfg = Release|Any CPU
		{1923B2FB-DDFC-4831-990B-ABFADCD5A603}.Release|Any CPU.Build.0 = Release|Any CPU
		{2D38C1BA-F450-48AD-A20F-2C6D5C841CE4}.Debug|Any CPU.ActiveCfg = Debug|Any CPU
		{2D38C1BA-F450-48AD-A20F-2C6D5C841CE4}.Debug|Any CPU.Build.0 = Debug|Any CPU
		{2D38C1BA-F450-48AD-A20F-2C6D5C841CE4}.Release|Any CPU.ActiveCfg = Release|Any CPU
		{2D38C1BA-F450-48AD-A20F-2C6D5C841CE4}.Release|Any CPU.Build.0 = Release|Any CPU
		{B2F40D86-2FD7-454E-AD94-0563262E6ED2}.Debug|Any CPU.ActiveCfg = Debug|Any CPU
		{B2F40D86-2FD7-454E-AD94-0563262E6ED2}.Debug|Any CPU.Build.0 = Debug|Any CPU
		{B2F40D86-2FD7-454E-AD94-0563262E6ED2}.Release|Any CPU.ActiveCfg = Release|Any CPU
		{B2F40D86-2FD7-454E-AD94-0563262E6ED2}.Release|Any CPU.Build.0 = Release|Any CPU
		{E2A3EA4C-4CDB-47B0-B7B6-12BE279E832C}.Debug|Any CPU.ActiveCfg = Debug|Any CPU
		{E2A3EA4C-4CDB-47B0-B7B6-12BE279E832C}.Debug|Any CPU.Build.0 = Debug|Any CPU
		{E2A3EA4C-4CDB-47B0-B7B6-12BE279E832C}.Release|Any CPU.ActiveCfg = Release|Any CPU
		{E2A3EA4C-4CDB-47B0-B7B6-12BE279E832C}.Release|Any CPU.Build.0 = Release|Any CPU
		{8F24E656-3484-4485-AC3A-3A1A5AF1D555}.Debug|Any CPU.ActiveCfg = Debug|Any CPU
		{8F24E656-3484-4485-AC3A-3A1A5AF1D555}.Debug|Any CPU.Build.0 = Debug|Any CPU
		{8F24E656-3484-4485-AC3A-3A1A5AF1D555}.Release|Any CPU.ActiveCfg = Release|Any CPU
		{8F24E656-3484-4485-AC3A-3A1A5AF1D555}.Release|Any CPU.Build.0 = Release|Any CPU
		{6B5158E7-850A-484E-B618-8AF6CD8F6E12}.Debug|Any CPU.ActiveCfg = Debug|Any CPU
		{6B5158E7-850A-484E-B618-8AF6CD8F6E12}.Debug|Any CPU.Build.0 = Debug|Any CPU
		{6B5158E7-850A-484E-B618-8AF6CD8F6E12}.Release|Any CPU.ActiveCfg = Release|Any CPU
		{6B5158E7-850A-484E-B618-8AF6CD8F6E12}.Release|Any CPU.Build.0 = Release|Any CPU
	EndGlobalSection
	GlobalSection(SolutionProperties) = preSolution
		HideSolutionNode = FALSE
	EndGlobalSection
	GlobalSection(ExtensibilityGlobals) = postSolution
		SolutionGuid = {4E780932-35F5-41E7-9E0E-9BBF3A77D292}
	EndGlobalSection
EndGlobal
