
Microsoft Visual Studio Solution File, Format Version 12.00
# Visual Studio Version 16
VisualStudioVersion = 16.0.32510.428
MinimumVisualStudioVersion = 10.0.40219.1
Project("{FAE04EC0-301F-11D3-BF4B-00C04F79EFBC}") = "Vehicles", "Vehicles\Vehicles.csproj", "{26BF0B26-1473-4C53-AE1A-F15EC4038587}"
EndProject
Global
	GlobalSection(SolutionConfigurationPlatforms) = preSolution
		Debug|Any CPU = Debug|Any CPU
		Release|Any CPU = Release|Any CPU
	EndGlobalSection
	GlobalSection(ProjectConfigurationPlatforms) = postSolution
		{26BF0B26-1473-4C53-AE1A-F15EC4038587}.Debug|Any CPU.ActiveCfg = Debug|Any CPU
		{26BF0B26-1473-4C53-AE1A-F15EC4038587}.Debug|Any CPU.Build.0 = Debug|Any CPU
		{26BF0B26-1473-4C53-AE1A-F15EC4038587}.Release|Any CPU.ActiveCfg = Release|Any CPU
		{26BF0B26-1473-4C53-AE1A-F15EC4038587}.Release|Any CPU.Build.0 = Release|Any CPU
	EndGlobalSection
	GlobalSection(SolutionProperties) = preSolution
		HideSolutionNode = FALSE
	EndGlobalSection
	GlobalSection(ExtensibilityGlobals) = postSolution
		SolutionGuid = {D5D65EEA-2B82-4A59-8577-9D98AF6BB5AB}
	EndGlobalSection
EndGlobal
