
Microsoft Visual Studio Solution File, Format Version 12.00
# Visual Studio Version 16
VisualStudioVersion = 16.0.32510.428
MinimumVisualStudioVersion = 10.0.40219.1
Project("{9A19103F-16F7-4668-BE54-9A1E7A4F7556}") = "1.Blacksmith", "1.Blacksmith.csproj", "{103E35B1-BCED-4E8F-962E-FDEBE1ED87D8}"
EndProject
Global
	GlobalSection(SolutionConfigurationPlatforms) = preSolution
		Debug|Any CPU = Debug|Any CPU
		Release|Any CPU = Release|Any CPU
	EndGlobalSection
	GlobalSection(ProjectConfigurationPlatforms) = postSolution
		{103E35B1-BCED-4E8F-962E-FDEBE1ED87D8}.Debug|Any CPU.ActiveCfg = Debug|Any CPU
		{103E35B1-BCED-4E8F-962E-FDEBE1ED87D8}.Debug|Any CPU.Build.0 = Debug|Any CPU
		{103E35B1-BCED-4E8F-962E-FDEBE1ED87D8}.Release|Any CPU.ActiveCfg = Release|Any CPU
		{103E35B1-BCED-4E8F-962E-FDEBE1ED87D8}.Release|Any CPU.Build.0 = Release|Any CPU
	EndGlobalSection
	GlobalSection(SolutionProperties) = preSolution
		HideSolutionNode = FALSE
	EndGlobalSection
	GlobalSection(ExtensibilityGlobals) = postSolution
		SolutionGuid = {0A304774-EF2B-4F4E-B086-E68F60000D8F}
	EndGlobalSection
EndGlobal
