
Microsoft Visual Studio Solution File, Format Version 12.00
# Visual Studio Version 16
VisualStudioVersion = 16.0.32510.428
MinimumVisualStudioVersion = 10.0.40219.1
Project("{9A19103F-16F7-4668-BE54-9A1E7A4F7556}") = "1.Multidimensional Arrays", "1.Multidimensional Arrays\1.Multidimensional Arrays.csproj", "{A0B5DD35-0AB0-4BE9-893E-54713635F225}"
EndProject
Project("{9A19103F-16F7-4668-BE54-9A1E7A4F7556}") = "2.Multidimensional Arrays", "2.Multidimensional Arrays\2.Multidimensional Arrays.csproj", "{395EBFE2-1B77-43B6-A725-72D9124B0183}"
EndProject
Project("{9A19103F-16F7-4668-BE54-9A1E7A4F7556}") = "3.Multidimensional Arrays", "3.Multidimensional Arrays\3.Multidimensional Arrays.csproj", "{B764648A-E593-475C-8FAF-D0D171116B8F}"
EndProject
Project("{9A19103F-16F7-4668-BE54-9A1E7A4F7556}") = "4.Multidimensional Arrays", "4.Multidimensional Arrays\4.Multidimensional Arrays.csproj", "{46ECEA59-6FA4-4427-BB22-2BD8300CCB32}"
EndProject
Project("{9A19103F-16F7-4668-BE54-9A1E7A4F7556}") = "5.Multidimensional Arrays", "5.Multidimensional Arrays\5.Multidimensional Arrays.csproj", "{1729D6FE-895A-49A9-A095-293EB3F4A0E4}"
EndProject
Project("{9A19103F-16F7-4668-BE54-9A1E7A4F7556}") = "6.Jagged Arrays", "6.Jagged Arrays\6.Jagged Arrays.csproj", "{E960CCC7-38AF-40DB-9D83-9DC5C6F62932}"
EndProject
Project("{FAE04EC0-301F-11D3-BF4B-00C04F79EFBC}") = "6.1.Jagged Arrays", "6.1.Jagged Arrays\6.1.Jagged Arrays.csproj", "{C8B1D94F-F9A3-4DE3-A944-5E4F09D710E1}"
EndProject
Project("{FAE04EC0-301F-11D3-BF4B-00C04F79EFBC}") = "7.Jagged Array - Pascal Triangle", "7.Jagged Array - Pascal Triangle\7.Jagged Array - Pascal Triangle.csproj", "{A5823DDA-A16B-4328-AFDD-8A7619753955}"
EndProject
Global
	GlobalSection(SolutionConfigurationPlatforms) = preSolution
		Debug|Any CPU = Debug|Any CPU
		Release|Any CPU = Release|Any CPU
	EndGlobalSection
	GlobalSection(ProjectConfigurationPlatforms) = postSolution
		{A0B5DD35-0AB0-4BE9-893E-54713635F225}.Debug|Any CPU.ActiveCfg = Debug|Any CPU
		{A0B5DD35-0AB0-4BE9-893E-54713635F225}.Debug|Any CPU.Build.0 = Debug|Any CPU
		{A0B5DD35-0AB0-4BE9-893E-54713635F225}.Release|Any CPU.ActiveCfg = Release|Any CPU
		{A0B5DD35-0AB0-4BE9-893E-54713635F225}.Release|Any CPU.Build.0 = Release|Any CPU
		{395EBFE2-1B77-43B6-A725-72D9124B0183}.Debug|Any CPU.ActiveCfg = Debug|Any CPU
		{395EBFE2-1B77-43B6-A725-72D9124B0183}.Debug|Any CPU.Build.0 = Debug|Any CPU
		{395EBFE2-1B77-43B6-A725-72D9124B0183}.Release|Any CPU.ActiveCfg = Release|Any CPU
		{395EBFE2-1B77-43B6-A725-72D9124B0183}.Release|Any CPU.Build.0 = Release|Any CPU
		{B764648A-E593-475C-8FAF-D0D171116B8F}.Debug|Any CPU.ActiveCfg = Debug|Any CPU
		{B764648A-E593-475C-8FAF-D0D171116B8F}.Debug|Any CPU.Build.0 = Debug|Any CPU
		{B764648A-E593-475C-8FAF-D0D171116B8F}.Release|Any CPU.ActiveCfg = Release|Any CPU
		{B764648A-E593-475C-8FAF-D0D171116B8F}.Release|Any CPU.Build.0 = Release|Any CPU
		{46ECEA59-6FA4-4427-BB22-2BD8300CCB32}.Debug|Any CPU.ActiveCfg = Debug|Any CPU
		{46ECEA59-6FA4-4427-BB22-2BD8300CCB32}.Debug|Any CPU.Build.0 = Debug|Any CPU
		{46ECEA59-6FA4-4427-BB22-2BD8300CCB32}.Release|Any CPU.ActiveCfg = Release|Any CPU
		{46ECEA59-6FA4-4427-BB22-2BD8300CCB32}.Release|Any CPU.Build.0 = Release|Any CPU
		{1729D6FE-895A-49A9-A095-293EB3F4A0E4}.Debug|Any CPU.ActiveCfg = Debug|Any CPU
		{1729D6FE-895A-49A9-A095-293EB3F4A0E4}.Debug|Any CPU.Build.0 = Debug|Any CPU
		{1729D6FE-895A-49A9-A095-293EB3F4A0E4}.Release|Any CPU.ActiveCfg = Release|Any CPU
		{1729D6FE-895A-49A9-A095-293EB3F4A0E4}.Release|Any CPU.Build.0 = Release|Any CPU
		{E960CCC7-38AF-40DB-9D83-9DC5C6F62932}.Debug|Any CPU.ActiveCfg = Debug|Any CPU
		{E960CCC7-38AF-40DB-9D83-9DC5C6F62932}.Debug|Any CPU.Build.0 = Debug|Any CPU
		{E960CCC7-38AF-40DB-9D83-9DC5C6F62932}.Release|Any CPU.ActiveCfg = Release|Any CPU
		{E960CCC7-38AF-40DB-9D83-9DC5C6F62932}.Release|Any CPU.Build.0 = Release|Any CPU
		{C8B1D94F-F9A3-4DE3-A944-5E4F09D710E1}.Debug|Any CPU.ActiveCfg = Debug|Any CPU
		{C8B1D94F-F9A3-4DE3-A944-5E4F09D710E1}.Debug|Any CPU.Build.0 = Debug|Any CPU
		{C8B1D94F-F9A3-4DE3-A944-5E4F09D710E1}.Release|Any CPU.ActiveCfg = Release|Any CPU
		{C8B1D94F-F9A3-4DE3-A944-5E4F09D710E1}.Release|Any CPU.Build.0 = Release|Any CPU
		{A5823DDA-A16B-4328-AFDD-8A7619753955}.Debug|Any CPU.ActiveCfg = Debug|Any CPU
		{A5823DDA-A16B-4328-AFDD-8A7619753955}.Debug|Any CPU.Build.0 = Debug|Any CPU
		{A5823DDA-A16B-4328-AFDD-8A7619753955}.Release|Any CPU.ActiveCfg = Release|Any CPU
		{A5823DDA-A16B-4328-AFDD-8A7619753955}.Release|Any CPU.Build.0 = Release|Any CPU
	EndGlobalSection
	GlobalSection(SolutionProperties) = preSolution
		HideSolutionNode = FALSE
	EndGlobalSection
	GlobalSection(ExtensibilityGlobals) = postSolution
		SolutionGuid = {5CF0DE47-97F5-4FE0-9004-1E0BB641F3BF}
	EndGlobalSection
EndGlobal
