
Microsoft Visual Studio Solution File, Format Version 12.00
# Visual Studio Version 16
VisualStudioVersion = 16.0.32510.428
MinimumVisualStudioVersion = 10.0.40219.1
Project("{9A19103F-16F7-4668-BE54-9A1E7A4F7556}") = "PersonInfo", "PersonInfo\PersonInfo.csproj", "{D275A9D9-32C5-405D-9B9C-EAC35160674E}"
EndProject
Project("{9A19103F-16F7-4668-BE54-9A1E7A4F7556}") = "Telephony", "Telephony\Telephony.csproj", "{C084B7B0-6A5E-453A-8917-E24DE356DC57}"
EndProject
Project("{9A19103F-16F7-4668-BE54-9A1E7A4F7556}") = "BorderControl", "BorderControl\BorderControl.csproj", "{09815C6C-A170-4C5E-9E4D-36C12FABA86F}"
EndProject
Project("{9A19103F-16F7-4668-BE54-9A1E7A4F7556}") = "BirthdayCelebrations", "BirthdayCelebrations\BirthdayCelebrations.csproj", "{5F0C7533-47D1-4325-BD80-1596E81FF3D3}"
EndProject
Project("{FAE04EC0-301F-11D3-BF4B-00C04F79EFBC}") = "MilitaryElite", "MilitaryElite\MilitaryElite.csproj", "{5BD0D69F-A8F6-4D1E-B661-94A6F1ECF9B4}"
EndProject
Global
	GlobalSection(SolutionConfigurationPlatforms) = preSolution
		Debug|Any CPU = Debug|Any CPU
		Release|Any CPU = Release|Any CPU
	EndGlobalSection
	GlobalSection(ProjectConfigurationPlatforms) = postSolution
		{D275A9D9-32C5-405D-9B9C-EAC35160674E}.Debug|Any CPU.ActiveCfg = Debug|Any CPU
		{D275A9D9-32C5-405D-9B9C-EAC35160674E}.Debug|Any CPU.Build.0 = Debug|Any CPU
		{D275A9D9-32C5-405D-9B9C-EAC35160674E}.Release|Any CPU.ActiveCfg = Release|Any CPU
		{D275A9D9-32C5-405D-9B9C-EAC35160674E}.Release|Any CPU.Build.0 = Release|Any CPU
		{C084B7B0-6A5E-453A-8917-E24DE356DC57}.Debug|Any CPU.ActiveCfg = Debug|Any CPU
		{C084B7B0-6A5E-453A-8917-E24DE356DC57}.Debug|Any CPU.Build.0 = Debug|Any CPU
		{C084B7B0-6A5E-453A-8917-E24DE356DC57}.Release|Any CPU.ActiveCfg = Release|Any CPU
		{C084B7B0-6A5E-453A-8917-E24DE356DC57}.Release|Any CPU.Build.0 = Release|Any CPU
		{09815C6C-A170-4C5E-9E4D-36C12FABA86F}.Debug|Any CPU.ActiveCfg = Debug|Any CPU
		{09815C6C-A170-4C5E-9E4D-36C12FABA86F}.Debug|Any CPU.Build.0 = Debug|Any CPU
		{09815C6C-A170-4C5E-9E4D-36C12FABA86F}.Release|Any CPU.ActiveCfg = Release|Any CPU
		{09815C6C-A170-4C5E-9E4D-36C12FABA86F}.Release|Any CPU.Build.0 = Release|Any CPU
		{5F0C7533-47D1-4325-BD80-1596E81FF3D3}.Debug|Any CPU.ActiveCfg = Debug|Any CPU
		{5F0C7533-47D1-4325-BD80-1596E81FF3D3}.Debug|Any CPU.Build.0 = Debug|Any CPU
		{5F0C7533-47D1-4325-BD80-1596E81FF3D3}.Release|Any CPU.ActiveCfg = Release|Any CPU
		{5F0C7533-47D1-4325-BD80-1596E81FF3D3}.Release|Any CPU.Build.0 = Release|Any CPU
		{5BD0D69F-A8F6-4D1E-B661-94A6F1ECF9B4}.Debug|Any CPU.ActiveCfg = Debug|Any CPU
		{5BD0D69F-A8F6-4D1E-B661-94A6F1ECF9B4}.Debug|Any CPU.Build.0 = Debug|Any CPU
		{5BD0D69F-A8F6-4D1E-B661-94A6F1ECF9B4}.Release|Any CPU.ActiveCfg = Release|Any CPU
		{5BD0D69F-A8F6-4D1E-B661-94A6F1ECF9B4}.Release|Any CPU.Build.0 = Release|Any CPU
	EndGlobalSection
	GlobalSection(SolutionProperties) = preSolution
		HideSolutionNode = FALSE
	EndGlobalSection
	GlobalSection(ExtensibilityGlobals) = postSolution
		SolutionGuid = {AE79EDD0-CF10-49A3-A9A7-05ED67900AF0}
	EndGlobalSection
EndGlobal
