
Microsoft Visual Studio Solution File, Format Version 12.00
# Visual Studio Version 16
VisualStudioVersion = 16.0.32510.428
MinimumVisualStudioVersion = 10.0.40219.1
Project("{9A19103F-16F7-4668-BE54-9A1E7A4F7556}") = "Person", "Person\Person.csproj", "{848622B7-062E-4449-B076-81DA91F062E4}"
EndProject
Project("{9A19103F-16F7-4668-BE54-9A1E7A4F7556}") = "Zoo", "Zoo\Zoo.csproj", "{63D7D65D-2EAF-4590-BD3A-92F89A349C9E}"
EndProject
Project("{9A19103F-16F7-4668-BE54-9A1E7A4F7556}") = "NeedForSpeed", "NeedForSpeed\NeedForSpeed.csproj", "{FB46A77D-4ED6-471B-B6C5-46EE05DA4DB0}"
EndProject
Project("{9A19103F-16F7-4668-BE54-9A1E7A4F7556}") = "Restaurant", "Restaurant\Restaurant.csproj", "{553358C3-A0CA-41A1-98E5-B530DF4C42DE}"
EndProject
Project("{FAE04EC0-301F-11D3-BF4B-00C04F79EFBC}") = "Animals", "Animals\Animals.csproj", "{A6B90257-5035-45A8-BBD9-53507A130AA6}"
EndProject
Global
	GlobalSection(SolutionConfigurationPlatforms) = preSolution
		Debug|Any CPU = Debug|Any CPU
		Release|Any CPU = Release|Any CPU
	EndGlobalSection
	GlobalSection(ProjectConfigurationPlatforms) = postSolution
		{848622B7-062E-4449-B076-81DA91F062E4}.Debug|Any CPU.ActiveCfg = Debug|Any CPU
		{848622B7-062E-4449-B076-81DA91F062E4}.Debug|Any CPU.Build.0 = Debug|Any CPU
		{848622B7-062E-4449-B076-81DA91F062E4}.Release|Any CPU.ActiveCfg = Release|Any CPU
		{848622B7-062E-4449-B076-81DA91F062E4}.Release|Any CPU.Build.0 = Release|Any CPU
		{63D7D65D-2EAF-4590-BD3A-92F89A349C9E}.Debug|Any CPU.ActiveCfg = Debug|Any CPU
		{63D7D65D-2EAF-4590-BD3A-92F89A349C9E}.Debug|Any CPU.Build.0 = Debug|Any CPU
		{63D7D65D-2EAF-4590-BD3A-92F89A349C9E}.Release|Any CPU.ActiveCfg = Release|Any CPU
		{63D7D65D-2EAF-4590-BD3A-92F89A349C9E}.Release|Any CPU.Build.0 = Release|Any CPU
		{FB46A77D-4ED6-471B-B6C5-46EE05DA4DB0}.Debug|Any CPU.ActiveCfg = Debug|Any CPU
		{FB46A77D-4ED6-471B-B6C5-46EE05DA4DB0}.Debug|Any CPU.Build.0 = Debug|Any CPU
		{FB46A77D-4ED6-471B-B6C5-46EE05DA4DB0}.Release|Any CPU.ActiveCfg = Release|Any CPU
		{FB46A77D-4ED6-471B-B6C5-46EE05DA4DB0}.Release|Any CPU.Build.0 = Release|Any CPU
		{553358C3-A0CA-41A1-98E5-B530DF4C42DE}.Debug|Any CPU.ActiveCfg = Debug|Any CPU
		{553358C3-A0CA-41A1-98E5-B530DF4C42DE}.Debug|Any CPU.Build.0 = Debug|Any CPU
		{553358C3-A0CA-41A1-98E5-B530DF4C42DE}.Release|Any CPU.ActiveCfg = Release|Any CPU
		{553358C3-A0CA-41A1-98E5-B530DF4C42DE}.Release|Any CPU.Build.0 = Release|Any CPU
		{A6B90257-5035-45A8-BBD9-53507A130AA6}.Debug|Any CPU.ActiveCfg = Debug|Any CPU
		{A6B90257-5035-45A8-BBD9-53507A130AA6}.Debug|Any CPU.Build.0 = Debug|Any CPU
		{A6B90257-5035-45A8-BBD9-53507A130AA6}.Release|Any CPU.ActiveCfg = Release|Any CPU
		{A6B90257-5035-45A8-BBD9-53507A130AA6}.Release|Any CPU.Build.0 = Release|Any CPU
	EndGlobalSection
	GlobalSection(SolutionProperties) = preSolution
		HideSolutionNode = FALSE
	EndGlobalSection
	GlobalSection(ExtensibilityGlobals) = postSolution
		SolutionGuid = {7656C5C1-9F17-4F93-9BA3-EA4C153C8F80}
	EndGlobalSection
EndGlobal
