
Microsoft Visual Studio Solution File, Format Version 12.00
# Visual Studio Version 16
VisualStudioVersion = 16.0.32510.428
MinimumVisualStudioVersion = 10.0.40219.1
Project("{9A19103F-16F7-4668-BE54-9A1E7A4F7556}") = "Players and Monsters", "Players and Monsters.csproj", "{79DB9FFD-A24B-4EA2-BE30-EBD9B29E5E7C}"
EndProject
Global
	GlobalSection(SolutionConfigurationPlatforms) = preSolution
		Debug|Any CPU = Debug|Any CPU
		Release|Any CPU = Release|Any CPU
	EndGlobalSection
	GlobalSection(ProjectConfigurationPlatforms) = postSolution
		{79DB9FFD-A24B-4EA2-BE30-EBD9B29E5E7C}.Debug|Any CPU.ActiveCfg = Debug|Any CPU
		{79DB9FFD-A24B-4EA2-BE30-EBD9B29E5E7C}.Debug|Any CPU.Build.0 = Debug|Any CPU
		{79DB9FFD-A24B-4EA2-BE30-EBD9B29E5E7C}.Release|Any CPU.ActiveCfg = Release|Any CPU
		{79DB9FFD-A24B-4EA2-BE30-EBD9B29E5E7C}.Release|Any CPU.Build.0 = Release|Any CPU
	EndGlobalSection
	GlobalSection(SolutionProperties) = preSolution
		HideSolutionNode = FALSE
	EndGlobalSection
	GlobalSection(ExtensibilityGlobals) = postSolution
		SolutionGuid = {E551FC88-5EEB-4A41-9F14-C79E23FCF358}
	EndGlobalSection
EndGlobal
