
Microsoft Visual Studio Solution File, Format Version 12.00
# Visual Studio Version 16
VisualStudioVersion = 16.0.32510.428
MinimumVisualStudioVersion = 10.0.40219.1
Project("{FAE04EC0-301F-11D3-BF4B-00C04F79EFBC}") = "CarManufacturer", "CarManufacturer\CarManufacturer.csproj", "{3E2E8035-8CA8-4012-B296-430B72A5F61D}"
EndProject
Global
	GlobalSection(SolutionConfigurationPlatforms) = preSolution
		Debug|Any CPU = Debug|Any CPU
		Release|Any CPU = Release|Any CPU
	EndGlobalSection
	GlobalSection(ProjectConfigurationPlatforms) = postSolution
		{3E2E8035-8CA8-4012-B296-430B72A5F61D}.Debug|Any CPU.ActiveCfg = Debug|Any CPU
		{3E2E8035-8CA8-4012-B296-430B72A5F61D}.Debug|Any CPU.Build.0 = Debug|Any CPU
		{3E2E8035-8CA8-4012-B296-430B72A5F61D}.Release|Any CPU.ActiveCfg = Release|Any CPU
		{3E2E8035-8CA8-4012-B296-430B72A5F61D}.Release|Any CPU.Build.0 = Release|Any CPU
	EndGlobalSection
	GlobalSection(SolutionProperties) = preSolution
		HideSolutionNode = FALSE
	EndGlobalSection
	GlobalSection(ExtensibilityGlobals) = postSolution
		SolutionGuid = {80BF268A-1B1C-4B00-8E77-5C1C8E8C5E63}
	EndGlobalSection
EndGlobal
